# THIS IS AN AUTOGENERATED FILE. DO NOT EDIT THIS FILE DIRECTLY.
# yarn lockfile v1
array-union@^1.0.1:
  version "1.0.2"
  resolved "https://registry.yarnpkg.com/array-union/-/array-union-1.0.2.tgz#9a34410e4f4e3da23dea375be5be70f24778ec39"
  dependencies:
    array-uniq "^1.0.1"

array-uniq@^1.0.1:
  version "1.0.3"
  resolved "https://registry.yarnpkg.com/array-uniq/-/array-uniq-1.0.3.tgz#af6ac877a25cc7f74e058894753858dfdb24fdb6"

arrify@^1.0.0:
  version "1.0.1"
  resolved "https://registry.yarnpkg.com/arrify/-/arrify-1.0.1.tgz#898508da2226f380df904728456849c1501a4b0d"

async@1.5.2:
  version "1.5.2"
  resolved "https://registry.yarnpkg.com/async/-/async-1.5.2.tgz#ec6a61ae56480c0c3cb241c95618e20892f9672a"

balanced-match@^0.4.1:
  version "0.4.2"
  resolved "https://registry.yarnpkg.com/balanced-match/-/balanced-match-0.4.2.tgz#cb3f3e3c732dc0f01ee70b403f302e61d7709838"

brace-expansion@^1.0.0:
  version "1.1.6"
  resolved "https://registry.yarnpkg.com/brace-expansion/-/brace-expansion-1.1.6.tgz#7197d7eaa9b87e648390ea61fc66c84427420df9"
  dependencies:
    balanced-match "^0.4.1"
    concat-map "0.0.1"

collections@^0.2.0:
  version "0.2.2"
  resolved "https://registry.yarnpkg.com/collections/-/collections-0.2.2.tgz#1f23026b2ef36f927eecc901e99c5f0d48fa334e"
  dependencies:
    weak-map "1.0.0"

commander@2.9.0:
  version "2.9.0"
  resolved "https://registry.yarnpkg.com/commander/-/commander-2.9.0.tgz#9c99094176e12240cb22d6c5146098400fe0f7d4"
  dependencies:
    graceful-readlink ">= 1.0.0"

concat-map@0.0.1:
  version "0.0.1"
  resolved "https://registry.yarnpkg.com/concat-map/-/concat-map-0.0.1.tgz#d8a96bd77fd68df7793a73036a3ba0d5405d477b"

eva.js@^1.0.0:
  version "1.0.1"
  resolved "https://registry.yarnpkg.com/eva.js/-/eva.js-1.0.1.tgz#24495a70150ae483f4aa5657287717dd99ed0726"
  dependencies:
    object-assign "^4.1.0"
    vue "^2.0.1"
    vue-router "^2.0.0"
    vuex "^2.0.0"
    vuex-router-sync "^3.0.0"

gh-pages@^0.11.0:
  version "0.11.0"
  resolved "https://registry.yarnpkg.com/gh-pages/-/gh-pages-0.11.0.tgz#93313c6dcbfc74d426bc89a29ebff6420acc3c1b"
  dependencies:
    async "1.5.2"
    commander "2.9.0"
    globby "^4.0.0"
    graceful-fs "4.1.2"
    q "1.4.1"
    q-io "1.13.2"
    wrench "1.5.8"

github-markdown-css@^2.4.1:
  version "2.4.1"
  resolved "https://registry.yarnpkg.com/github-markdown-css/-/github-markdown-css-2.4.1.tgz#b4736d84eea8367a03b3248cf546dda3e8dc55e3"

glob@^6.0.1:
  version "6.0.4"
  resolved "https://registry.yarnpkg.com/glob/-/glob-6.0.4.tgz#0f08860f6a155127b2fadd4f9ce24b1aab6e4d22"
  dependencies:
    inflight "^1.0.4"
    inherits "2"
    minimatch "2 || 3"
    once "^1.3.0"
    path-is-absolute "^1.0.0"

globby@^4.0.0:
  version "4.1.0"
  resolved "https://registry.yarnpkg.com/globby/-/globby-4.1.0.tgz#080f54549ec1b82a6c60e631fc82e1211dbe95f8"
  dependencies:
    array-union "^1.0.1"
    arrify "^1.0.0"
    glob "^6.0.1"
    object-assign "^4.0.1"
    pify "^2.0.0"
    pinkie-promise "^2.0.0"

graceful-fs@4.1.2:
  version "4.1.2"
  resolved "https://registry.yarnpkg.com/graceful-fs/-/graceful-fs-4.1.2.tgz#fe2239b7574972e67e41f808823f9bfa4a991e37"

"graceful-readlink@>= 1.0.0":
  version "1.0.1"
  resolved "https://registry.yarnpkg.com/graceful-readlink/-/graceful-readlink-1.0.1.tgz#4cafad76bc62f02fa039b2f94e9a3dd3a391a725"

highlight.js@^9.7.0:
  version "9.7.0"
  resolved "https://registry.yarnpkg.com/highlight.js/-/highlight.js-9.7.0.tgz#e7a926bf3079c65b2ae50314878e456a009b4aac"

hint.css@^2.4.0:
  version "2.4.0"
  resolved "https://registry.yarnpkg.com/hint.css/-/hint.css-2.4.0.tgz#87cf44dd5b5d293a1f1ae9d9c2e43f5082b3b2d4"

inflight@^1.0.4:
  version "1.0.5"
  resolved "https://registry.yarnpkg.com/inflight/-/inflight-1.0.5.tgz#db3204cd5a9de2e6cd890b85c6e2f66bcf4f620a"
  dependencies:
    once "^1.3.0"
    wrappy "1"

inherits@2:
  version "2.0.3"
  resolved "https://registry.yarnpkg.com/inherits/-/inherits-2.0.3.tgz#633c2c83e3da42a502f52466022480f4208261de"

mime@^1.2.11:
  version "1.3.4"
  resolved "https://registry.yarnpkg.com/mime/-/mime-1.3.4.tgz#115f9e3b6b3daf2959983cb38f149a2d40eb5d53"

mimeparse@^0.1.4:
  version "0.1.4"
  resolved "https://registry.yarnpkg.com/mimeparse/-/mimeparse-0.1.4.tgz#dafb02752370fd226093ae3152c271af01ac254a"

"minimatch@2 || 3":
  version "3.0.3"
  resolved "https://registry.yarnpkg.com/minimatch/-/minimatch-3.0.3.tgz#2a4e4090b96b2db06a9d7df01055a62a77c9b774"
  dependencies:
    brace-expansion "^1.0.0"

object-assign@^4.0.1, object-assign@^4.1.0:
  version "4.1.0"
  resolved "https://registry.yarnpkg.com/object-assign/-/object-assign-4.1.0.tgz#7a3b3d0e98063d43f4c03f2e8ae6cd51a86883a0"

once@^1.3.0:
  version "1.4.0"
  resolved "https://registry.yarnpkg.com/once/-/once-1.4.0.tgz#583b1aa775961d4b113ac17d9c50baef9dd76bd1"
  dependencies:
    wrappy "1"

path-is-absolute@^1.0.0:
  version "1.0.1"
  resolved "https://registry.yarnpkg.com/path-is-absolute/-/path-is-absolute-1.0.1.tgz#174b9268735534ffbc7ace6bf53a5a9e1b5c5f5f"

pify@^2.0.0:
  version "2.3.0"
  resolved "https://registry.yarnpkg.com/pify/-/pify-2.3.0.tgz#ed141a6ac043a849ea588498e7dca8b15330e90c"

pinkie-promise@^2.0.0:
  version "2.0.1"
  resolved "https://registry.yarnpkg.com/pinkie-promise/-/pinkie-promise-2.0.1.tgz#2135d6dfa7a358c069ac9b178776288228450ffa"
  dependencies:
    pinkie "^2.0.0"

pinkie@^2.0.0:
  version "2.0.4"
  resolved "https://registry.yarnpkg.com/pinkie/-/pinkie-2.0.4.tgz#72556b80cfa0d48a974e80e77248e80ed4f7f870"

q-io@1.13.2:
  version "1.13.2"
  resolved "https://registry.yarnpkg.com/q-io/-/q-io-1.13.2.tgz#eea130d481ddb5e1aa1bc5a66855f7391d06f003"
  dependencies:
    collections "^0.2.0"
    mime "^1.2.11"
    mimeparse "^0.1.4"
    q "^1.0.1"
    qs "^1.2.1"
    url2 "^0.0.0"

q@^1.0.1, q@1.4.1:
  version "1.4.1"
  resolved "https://registry.yarnpkg.com/q/-/q-1.4.1.tgz#55705bcd93c5f3673530c2c2cbc0c2b3addc286e"

qs@^1.2.1:
  version "1.2.2"
  resolved "https://registry.yarnpkg.com/qs/-/qs-1.2.2.tgz#19b57ff24dc2a99ce1f8bdf6afcda59f8ef61f88"

uid@0.0.2:
  version "0.0.2"
  resolved "https://registry.yarnpkg.com/uid/-/uid-0.0.2.tgz#5e4a5d4b78138b4f70f89fd3c76fc59aa9d2f103"

url2@^0.0.0:
  version "0.0.0"
  resolved "https://registry.yarnpkg.com/url2/-/url2-0.0.0.tgz#4eaabd1d5c3ac90d62ab4485c998422865a04b1a"

vue-router@^2.0.0:
  version "2.0.0"
  resolved "https://registry.yarnpkg.com/vue-router/-/vue-router-2.0.0.tgz#f3dec883a89733fef5c79f27cdab67456f7891a4"

vue@^2.0.1:
  version "2.0.2"
  resolved "https://registry.yarnpkg.com/vue/-/vue-2.0.2.tgz#ae1c01ce74a5d44d41ece96b82849c11e1d45e6d"

vuex-router-sync@^3.0.0:
  version "3.0.0"
  resolved "https://registry.yarnpkg.com/vuex-router-sync/-/vuex-router-sync-3.0.0.tgz#3b632baa86cc55192ab408b8d52e6490380df3d7"

vuex@^2.0.0:
  version "2.0.0"
  resolved "https://registry.yarnpkg.com/vuex/-/vuex-2.0.0.tgz#26befa44de220f009e432d1027487bff29571cee"

weak-map@1.0.0:
  version "1.0.0"
  resolved "https://registry.yarnpkg.com/weak-map/-/weak-map-1.0.0.tgz#b66e56a9df0bd25a76bbf1b514db129080614a37"

wrappy@1:
  version "1.0.2"
  resolved "https://registry.yarnpkg.com/wrappy/-/wrappy-1.0.2.tgz#b5243d8f3ec1aa35f1364605bc0d1036e30ab69f"

wrench@1.5.8:
  version "1.5.8"
  resolved "https://registry.yarnpkg.com/wrench/-/wrench-1.5.8.tgz#7a31c97f7869246d76c5cf2f5c977a1c4c8e5ab5"

